github.com/davecgh/go-spew v1.1.1 h1:vj9j/u1bqnvCEfJOwUhtlOARqs3+rkHYY13jYWTU97c=
github.com/davecgh/go-spew v1.1.1/go.mod h1:J7Y8YcW2NihsgmVo/mv3lAwl/skON4iLHjSsI+c5H38=
github.com/eteu-technologies/borsh-go v0.3.1 h1:ZJpgSoWmvwlfjYomPcYCqZLXLu85UEufc9zNWb2uga0=
github.com/eteu-technologies/borsh-go v0.3.1/go.mod h1:PCjTLzGdpkuSaAVrKtq7I9LEdkUdCwwKRj1zpAF0He0=
github.com/klauspost/cpuid/v2 v2.0.4 h1:g0I61F2K2DjRHz1cnxlkNSBIaePVoJIjjnHui8QHbiw=
github.com/klauspost/cpuid/v2 v2.0.4/go.mod h1:FInQzS24/EEf25PyTYn52gqo7WaD8xa0213Md/qVLRg=
github.com/mikroskeem/borsh-go v0.0.0-20210213144303-7e42b3a0c24e/go.mod h1:eTZVRB2fGPfmaH3ZkcuJe5rVCnrBpik9AREZssUJIIo=
github.com/minio/sha256-simd v1.0.0 h1:v1ta+49hkWZyvaKwrQB8elexRqm6Y0aMLjCNsrYxo6g=
github.com/minio/sha256-simd v1.0.0/go.mod h1:OuYzVNI5vcoYIAmbIvHPl3N3jUzVedXbKy5RFepssQM=
github.com/mr-tron/base58 v1.2.0 h1:T/HDJBh4ZCPbU39/+c3rRvE0uKBQlU27+QI8LJ4t64o=
github.com/mr-tron/base58 v1.2.0/go.mod h1:BinMc/sQntlIE1frQmRFPUoPA1Zkr8VRgBdjWI2mNwc=
github.com/near/borsh-go v0.3.0 h1:+DvG7eApOD3KrHIh7TwZvYzhXUF/OzMTC6aRTUEtW+8=
github.com/near/borsh-go v0.3.0/go.mod h1:NeMochZp7jN/pYFuxLkrZtmLqbADmnp/y1+/dL+AsyQ=
lukechampine.com/uint128 v1.1.1 h1:pnxCASz787iMf+02ssImqk6OLt+Z5QHMoZyUXR4z6JU=
lukechampine.com/uint128 v1.1.1/go.mod h1:c4eWIwlEGaxC/+H1VguhU4PHXNWDCDMUlWdIWl2j1gk=
